{
  "originHash" : "528aa2a0e5052acedbb06aad4c8dfdc8db4e7eef9f8d874ed2e478e0e75f2a77",
  "pins" : [
    {
      "identity" : "processcommand",
      "kind" : "remoteSourceControl",
      "location" : "https://github.com/rsyncOSX/ProcessCommand",
      "state" : {
        "revision" : "c3d070a01d30bac147d7889bb8f38db03015d574",
        "version" : "1.0.0"
      }
    }
  ],
  "version" : 3
}
